
Microsoft Visual Studio Solution File, Format Version 12.00
# Visual Studio Version 17
VisualStudioVersion = 17.7.34031.279
MinimumVisualStudioVersion = 10.0.40219.1
Project("{8BC9CEB8-8B4A-11D0-8D11-00A0C91BC942}") = "AL2_hyouka1", "AL2_hyouka1.vcxproj", "{C67AA06A-14F6-41C7-B99B-265CB918CAA7}"
EndProject
Global
	GlobalSection(SolutionConfigurationPlatforms) = preSolution
		Debug|x64 = Debug|x64
		Release|x64 = Release|x64
	EndGlobalSection
	GlobalSection(ProjectConfigurationPlatforms) = postSolution
		{C67AA06A-14F6-41C7-B99B-265CB918CAA7}.Debug|x64.ActiveCfg = Debug|x64
		{C67AA06A-14F6-41C7-B99B-265CB918CAA7}.Debug|x64.Build.0 = Debug|x64
		{C67AA06A-14F6-41C7-B99B-265CB918CAA7}.Release|x64.ActiveCfg = Release|x64
		{C67AA06A-14F6-41C7-B99B-265CB918CAA7}.Release|x64.Build.0 = Release|x64
	EndGlobalSection
	GlobalSection(SolutionProperties) = preSolution
		HideSolutionNode = FALSE
	EndGlobalSection
	GlobalSection(ExtensibilityGlobals) = postSolution
		SolutionGuid = {C3D71405-587C-44AE-BF7C-41C351ED1195}
	EndGlobalSection
EndGlobal
